
Microsoft Visual Studio Solution File, Format Version 12.00
# Visual Studio Version 17
VisualStudioVersion = 17.14.36401.2 d17.14
MinimumVisualStudioVersion = 10.0.40219.1
Project("{FAE04EC0-301F-11D3-BF4B-00C04F79EFBC}") = "proyecto52", "proyecto52.csproj", "{B2FF850D-C9B3-4569-8533-6CD1F3E7519E}"
EndProject
Global
	GlobalSection(SolutionConfigurationPlatforms) = preSolution
		Debug|Any CPU = Debug|Any CPU
		Release|Any CPU = Release|Any CPU
	EndGlobalSection
	GlobalSection(ProjectConfigurationPlatforms) = postSolution
		{B2FF850D-C9B3-4569-8533-6CD1F3E7519E}.Debug|Any CPU.ActiveCfg = Debug|Any CPU
		{B2FF850D-C9B3-4569-8533-6CD1F3E7519E}.Debug|Any CPU.Build.0 = Debug|Any CPU
		{B2FF850D-C9B3-4569-8533-6CD1F3E7519E}.Release|Any CPU.ActiveCfg = Release|Any CPU
		{B2FF850D-C9B3-4569-8533-6CD1F3E7519E}.Release|Any CPU.Build.0 = Release|Any CPU
	EndGlobalSection
	GlobalSection(SolutionProperties) = preSolution
		HideSolutionNode = FALSE
	EndGlobalSection
	GlobalSection(ExtensibilityGlobals) = postSolution
		SolutionGuid = {1C023890-3F61-4105-9B63-A2FDB400E3ED}
	EndGlobalSection
EndGlobal
