
Microsoft Visual Studio Solution File, Format Version 12.00
# Visual Studio Version 17
VisualStudioVersion = 17.14.36401.2 d17.14
MinimumVisualStudioVersion = 10.0.40219.1
Project("{FAE04EC0-301F-11D3-BF4B-00C04F79EFBC}") = "proyecto79", "proyecto79.csproj", "{7B1381C3-F7F0-4CFC-9EE6-81CB43AE56BB}"
EndProject
Global
	GlobalSection(SolutionConfigurationPlatforms) = preSolution
		Debug|Any CPU = Debug|Any CPU
		Release|Any CPU = Release|Any CPU
	EndGlobalSection
	GlobalSection(ProjectConfigurationPlatforms) = postSolution
		{7B1381C3-F7F0-4CFC-9EE6-81CB43AE56BB}.Debug|Any CPU.ActiveCfg = Debug|Any CPU
		{7B1381C3-F7F0-4CFC-9EE6-81CB43AE56BB}.Debug|Any CPU.Build.0 = Debug|Any CPU
		{7B1381C3-F7F0-4CFC-9EE6-81CB43AE56BB}.Release|Any CPU.ActiveCfg = Release|Any CPU
		{7B1381C3-F7F0-4CFC-9EE6-81CB43AE56BB}.Release|Any CPU.Build.0 = Release|Any CPU
	EndGlobalSection
	GlobalSection(SolutionProperties) = preSolution
		HideSolutionNode = FALSE
	EndGlobalSection
	GlobalSection(ExtensibilityGlobals) = postSolution
		SolutionGuid = {88536A11-6B99-4F5B-9731-A1A1805B1B7C}
	EndGlobalSection
EndGlobal
