
Microsoft Visual Studio Solution File, Format Version 12.00
# Visual Studio Version 17
VisualStudioVersion = 17.14.36401.2 d17.14
MinimumVisualStudioVersion = 10.0.40219.1
Project("{FAE04EC0-301F-11D3-BF4B-00C04F79EFBC}") = "proyecto68", "proyecto68.csproj", "{5628814C-E91E-4E4D-B239-FD21BE658E5B}"
EndProject
Global
	GlobalSection(SolutionConfigurationPlatforms) = preSolution
		Debug|Any CPU = Debug|Any CPU
		Release|Any CPU = Release|Any CPU
	EndGlobalSection
	GlobalSection(ProjectConfigurationPlatforms) = postSolution
		{5628814C-E91E-4E4D-B239-FD21BE658E5B}.Debug|Any CPU.ActiveCfg = Debug|Any CPU
		{5628814C-E91E-4E4D-B239-FD21BE658E5B}.Debug|Any CPU.Build.0 = Debug|Any CPU
		{5628814C-E91E-4E4D-B239-FD21BE658E5B}.Release|Any CPU.ActiveCfg = Release|Any CPU
		{5628814C-E91E-4E4D-B239-FD21BE658E5B}.Release|Any CPU.Build.0 = Release|Any CPU
	EndGlobalSection
	GlobalSection(SolutionProperties) = preSolution
		HideSolutionNode = FALSE
	EndGlobalSection
	GlobalSection(ExtensibilityGlobals) = postSolution
		SolutionGuid = {5D2413F0-9546-4402-9223-15E443346F2E}
	EndGlobalSection
EndGlobal
