
Microsoft Visual Studio Solution File, Format Version 12.00
# Visual Studio Version 17
VisualStudioVersion = 17.14.36401.2 d17.14
MinimumVisualStudioVersion = 10.0.40219.1
Project("{FAE04EC0-301F-11D3-BF4B-00C04F79EFBC}") = "proyecto36", "proyecto36.csproj", "{74925367-4A0C-4AC9-89E6-1253758920EB}"
EndProject
Global
	GlobalSection(SolutionConfigurationPlatforms) = preSolution
		Debug|Any CPU = Debug|Any CPU
		Release|Any CPU = Release|Any CPU
	EndGlobalSection
	GlobalSection(ProjectConfigurationPlatforms) = postSolution
		{74925367-4A0C-4AC9-89E6-1253758920EB}.Debug|Any CPU.ActiveCfg = Debug|Any CPU
		{74925367-4A0C-4AC9-89E6-1253758920EB}.Debug|Any CPU.Build.0 = Debug|Any CPU
		{74925367-4A0C-4AC9-89E6-1253758920EB}.Release|Any CPU.ActiveCfg = Release|Any CPU
		{74925367-4A0C-4AC9-89E6-1253758920EB}.Release|Any CPU.Build.0 = Release|Any CPU
	EndGlobalSection
	GlobalSection(SolutionProperties) = preSolution
		HideSolutionNode = FALSE
	EndGlobalSection
	GlobalSection(ExtensibilityGlobals) = postSolution
		SolutionGuid = {D1DB42E7-91DE-49D9-A516-3037013A2ACD}
	EndGlobalSection
EndGlobal
