
Microsoft Visual Studio Solution File, Format Version 12.00
# Visual Studio Version 17
VisualStudioVersion = 17.14.36401.2 d17.14
MinimumVisualStudioVersion = 10.0.40219.1
Project("{FAE04EC0-301F-11D3-BF4B-00C04F79EFBC}") = "proyecto25", "proyecto25.csproj", "{66FA832F-5DB1-4100-9232-A0A478FCDA03}"
EndProject
Global
	GlobalSection(SolutionConfigurationPlatforms) = preSolution
		Debug|Any CPU = Debug|Any CPU
		Release|Any CPU = Release|Any CPU
	EndGlobalSection
	GlobalSection(ProjectConfigurationPlatforms) = postSolution
		{66FA832F-5DB1-4100-9232-A0A478FCDA03}.Debug|Any CPU.ActiveCfg = Debug|Any CPU
		{66FA832F-5DB1-4100-9232-A0A478FCDA03}.Debug|Any CPU.Build.0 = Debug|Any CPU
		{66FA832F-5DB1-4100-9232-A0A478FCDA03}.Release|Any CPU.ActiveCfg = Release|Any CPU
		{66FA832F-5DB1-4100-9232-A0A478FCDA03}.Release|Any CPU.Build.0 = Release|Any CPU
	EndGlobalSection
	GlobalSection(SolutionProperties) = preSolution
		HideSolutionNode = FALSE
	EndGlobalSection
	GlobalSection(ExtensibilityGlobals) = postSolution
		SolutionGuid = {55A5FFAC-7538-4359-9C28-B14BD50768EA}
	EndGlobalSection
EndGlobal
