
Microsoft Visual Studio Solution File, Format Version 12.00
# Visual Studio Version 17
VisualStudioVersion = 17.14.36401.2 d17.14
MinimumVisualStudioVersion = 10.0.40219.1
Project("{FAE04EC0-301F-11D3-BF4B-00C04F79EFBC}") = "proyecto28", "proyecto28.csproj", "{60A28F3A-4302-419B-ADF1-33F81ED5B691}"
EndProject
Global
	GlobalSection(SolutionConfigurationPlatforms) = preSolution
		Debug|Any CPU = Debug|Any CPU
		Release|Any CPU = Release|Any CPU
	EndGlobalSection
	GlobalSection(ProjectConfigurationPlatforms) = postSolution
		{60A28F3A-4302-419B-ADF1-33F81ED5B691}.Debug|Any CPU.ActiveCfg = Debug|Any CPU
		{60A28F3A-4302-419B-ADF1-33F81ED5B691}.Debug|Any CPU.Build.0 = Debug|Any CPU
		{60A28F3A-4302-419B-ADF1-33F81ED5B691}.Release|Any CPU.ActiveCfg = Release|Any CPU
		{60A28F3A-4302-419B-ADF1-33F81ED5B691}.Release|Any CPU.Build.0 = Release|Any CPU
	EndGlobalSection
	GlobalSection(SolutionProperties) = preSolution
		HideSolutionNode = FALSE
	EndGlobalSection
	GlobalSection(ExtensibilityGlobals) = postSolution
		SolutionGuid = {42546346-808D-4695-A622-758D4358E45D}
	EndGlobalSection
EndGlobal
