
Microsoft Visual Studio Solution File, Format Version 12.00
# Visual Studio Version 17
VisualStudioVersion = 17.14.36401.2 d17.14
MinimumVisualStudioVersion = 10.0.40219.1
Project("{FAE04EC0-301F-11D3-BF4B-00C04F79EFBC}") = "proyecto84", "proyecto84.csproj", "{9BD64125-A9F4-4FEA-BD93-D63B969FAD45}"
EndProject
Global
	GlobalSection(SolutionConfigurationPlatforms) = preSolution
		Debug|Any CPU = Debug|Any CPU
		Release|Any CPU = Release|Any CPU
	EndGlobalSection
	GlobalSection(ProjectConfigurationPlatforms) = postSolution
		{9BD64125-A9F4-4FEA-BD93-D63B969FAD45}.Debug|Any CPU.ActiveCfg = Debug|Any CPU
		{9BD64125-A9F4-4FEA-BD93-D63B969FAD45}.Debug|Any CPU.Build.0 = Debug|Any CPU
		{9BD64125-A9F4-4FEA-BD93-D63B969FAD45}.Release|Any CPU.ActiveCfg = Release|Any CPU
		{9BD64125-A9F4-4FEA-BD93-D63B969FAD45}.Release|Any CPU.Build.0 = Release|Any CPU
	EndGlobalSection
	GlobalSection(SolutionProperties) = preSolution
		HideSolutionNode = FALSE
	EndGlobalSection
	GlobalSection(ExtensibilityGlobals) = postSolution
		SolutionGuid = {E37A9649-AE11-4BAB-83FA-C647BC7D788A}
	EndGlobalSection
EndGlobal
