
Microsoft Visual Studio Solution File, Format Version 12.00
# Visual Studio Version 17
VisualStudioVersion = 17.14.36401.2 d17.14
MinimumVisualStudioVersion = 10.0.40219.1
Project("{FAE04EC0-301F-11D3-BF4B-00C04F79EFBC}") = "proyecto12", "proyecto12.csproj", "{BAEDF4CE-901C-46BB-9650-9B7A07DD6A2C}"
EndProject
Global
	GlobalSection(SolutionConfigurationPlatforms) = preSolution
		Debug|Any CPU = Debug|Any CPU
		Release|Any CPU = Release|Any CPU
	EndGlobalSection
	GlobalSection(ProjectConfigurationPlatforms) = postSolution
		{BAEDF4CE-901C-46BB-9650-9B7A07DD6A2C}.Debug|Any CPU.ActiveCfg = Debug|Any CPU
		{BAEDF4CE-901C-46BB-9650-9B7A07DD6A2C}.Debug|Any CPU.Build.0 = Debug|Any CPU
		{BAEDF4CE-901C-46BB-9650-9B7A07DD6A2C}.Release|Any CPU.ActiveCfg = Release|Any CPU
		{BAEDF4CE-901C-46BB-9650-9B7A07DD6A2C}.Release|Any CPU.Build.0 = Release|Any CPU
	EndGlobalSection
	GlobalSection(SolutionProperties) = preSolution
		HideSolutionNode = FALSE
	EndGlobalSection
	GlobalSection(ExtensibilityGlobals) = postSolution
		SolutionGuid = {06E688A0-C58E-4087-A1B1-05957C05D0B6}
	EndGlobalSection
EndGlobal
