
Microsoft Visual Studio Solution File, Format Version 12.00
# Visual Studio Version 17
VisualStudioVersion = 17.14.36401.2 d17.14
MinimumVisualStudioVersion = 10.0.40219.1
Project("{FAE04EC0-301F-11D3-BF4B-00C04F79EFBC}") = "proyecto45", "proyecto45.csproj", "{94F32FF0-3313-4D1D-8F68-34A705A654FB}"
EndProject
Global
	GlobalSection(SolutionConfigurationPlatforms) = preSolution
		Debug|Any CPU = Debug|Any CPU
		Release|Any CPU = Release|Any CPU
	EndGlobalSection
	GlobalSection(ProjectConfigurationPlatforms) = postSolution
		{94F32FF0-3313-4D1D-8F68-34A705A654FB}.Debug|Any CPU.ActiveCfg = Debug|Any CPU
		{94F32FF0-3313-4D1D-8F68-34A705A654FB}.Debug|Any CPU.Build.0 = Debug|Any CPU
		{94F32FF0-3313-4D1D-8F68-34A705A654FB}.Release|Any CPU.ActiveCfg = Release|Any CPU
		{94F32FF0-3313-4D1D-8F68-34A705A654FB}.Release|Any CPU.Build.0 = Release|Any CPU
	EndGlobalSection
	GlobalSection(SolutionProperties) = preSolution
		HideSolutionNode = FALSE
	EndGlobalSection
	GlobalSection(ExtensibilityGlobals) = postSolution
		SolutionGuid = {BEFA9F86-525A-476B-B507-2B9E49A61D67}
	EndGlobalSection
EndGlobal
